# This file was autogenerated by uv via the following command:
#    uv pip compile --offline --python work/runtime/venv/bin/python --constraint work/requirements-llguidance.lock outputs/hornbill/workers/gemma/requirements.in -o work/requirements-llguidance-final.lock
annotated-doc==0.0.5
    # via
    #   -c work/requirements-llguidance.lock
    #   typer
anyio==4.15.1
    # via
    #   -c work/requirements-llguidance.lock
    #   httpx
certifi==2026.7.22
    # via
    #   -c work/requirements-llguidance.lock
    #   httpcore
    #   httpx
click==8.5.0
    # via
    #   -c work/requirements-llguidance.lock
    #   huggingface-hub
filelock==4.0.6
    # via
    #   -c work/requirements-llguidance.lock
    #   huggingface-hub
fsspec==2026.9.0
    # via
    #   -c work/requirements-llguidance.lock
    #   huggingface-hub
h11==0.16.0
    # via
    #   -c work/requirements-llguidance.lock
    #   httpcore
hf-xet==1.6.0
    # via
    #   -c work/requirements-llguidance.lock
    #   huggingface-hub
httpcore==1.0.9
    # via
    #   -c work/requirements-llguidance.lock
    #   httpx
httpx==0.28.1
    # via
    #   -c work/requirements-llguidance.lock
    #   huggingface-hub
huggingface-hub==1.33.0
    # via
    #   -c work/requirements-llguidance.lock
    #   tokenizers
    #   transformers
idna==3.20
    # via
    #   -c work/requirements-llguidance.lock
    #   anyio
    #   httpx
jinja2==3.1.6
    # via
    #   -c work/requirements-llguidance.lock
    #   mlx-lm
llguidance==1.8.0
    # via
    #   -c work/requirements-llguidance.lock
    #   -r outputs/hornbill/workers/gemma/requirements.in
markdown-it-py==4.2.0
    # via
    #   -c work/requirements-llguidance.lock
    #   rich
markupsafe==3.0.3
    # via
    #   -c work/requirements-llguidance.lock
    #   jinja2
mdurl==0.1.2
    # via
    #   -c work/requirements-llguidance.lock
    #   markdown-it-py
mlx==0.32.3
    # via
    #   -c work/requirements-llguidance.lock
    #   -r outputs/hornbill/workers/gemma/requirements.in
    #   mlx-lm
mlx-lm @ git+https://github.com/ml-explore/mlx-lm.git@3051e26bc72b8ab426af17d14c5599447eb306a5
    # via
    #   -c work/requirements-llguidance.lock
    #   -r outputs/hornbill/workers/gemma/requirements.in
mlx-metal==0.32.3
    # via
    #   -c work/requirements-llguidance.lock
    #   mlx
numpy==2.5.3
    # via
    #   -c work/requirements-llguidance.lock
    #   mlx-lm
    #   transformers
packaging==26.3
    # via
    #   -c work/requirements-llguidance.lock
    #   huggingface-hub
    #   transformers
protobuf==7.36.2
    # via
    #   -c work/requirements-llguidance.lock
    #   mlx-lm
pygments==2.21.0
    # via
    #   -c work/requirements-llguidance.lock
    #   rich
pyyaml==6.0.3
    # via
    #   -c work/requirements-llguidance.lock
    #   huggingface-hub
    #   mlx-lm
    #   transformers
regex==2026.9.29
    # via
    #   -c work/requirements-llguidance.lock
    #   transformers
rich==15.0.0
    # via
    #   -c work/requirements-llguidance.lock
    #   typer
safetensors==0.8.0
    # via
    #   -c work/requirements-llguidance.lock
    #   transformers
sentencepiece==0.2.2
    # via
    #   -c work/requirements-llguidance.lock
    #   mlx-lm
shellingham==1.5.4
    # via
    #   -c work/requirements-llguidance.lock
    #   typer
tokenizers==0.23.2
    # via
    #   -c work/requirements-llguidance.lock
    #   transformers
tqdm==4.70.1
    # via
    #   -c work/requirements-llguidance.lock
    #   huggingface-hub
    #   transformers
transformers==5.17.0
    # via
    #   -c work/requirements-llguidance.lock
    #   mlx-lm
typer==0.27.2
    # via
    #   -c work/requirements-llguidance.lock
    #   transformers
typing-extensions==4.16.0
    # via
    #   -c work/requirements-llguidance.lock
    #   anyio
    #   huggingface-hub
